{
  "version": 4,
  "terraform_version": "1.5.7",
  "serial": 60,
  "lineage": "60af0728-6e6f-e818-6f4a-0a383716a474",
  "outputs": {
    "lambda_role_arn": {
      "value": "arn:aws:iam::000000000000:role/vaultLambdaRole",
      "type": "string"
    }
  },
  "resources": [
    {
      "mode": "data",
      "type": "archive_file",
      "name": "lambda_zip",
      "provider": "provider[\"registry.terraform.io/hashicorp/archive\"]",
      "instances": [
        {
          "schema_version": 0,
          "attributes": {
            "exclude_symlink_directories": null,
            "excludes": null,
            "id": "a18ee4d3178716f4bc464f8c9499c197311ad4db",
            "output_base64sha256": "QK2NgxdBloeqAx64bjaY4BtiwmRLCtYUYFy18Ad9dhY=",
            "output_base64sha512": "PZlyPLJ4lSiMPwLpPu/Z1jaNbUsjC9SOHcFIWjT3LwbrXrRF21I/miYBqJAqYUQWa9P+ypOizTjsuFM1PTakDQ==",
            "output_file_mode": null,
            "output_md5": "48783db40a7255788ab0328cab70aa58",
            "output_path": "../lambda.zip",
            "output_sha": "a18ee4d3178716f4bc464f8c9499c197311ad4db",
            "output_sha256": "40ad8d8317419687aa031eb86e3698e01b62c2644b0ad614605cb5f0077d7616",
            "output_sha512": "3d99723cb27895288c3f02e93eefd9d6368d6d4b230bd48e1dc1485a34f72f06eb5eb445db523f9a2601a8902a6144166bd3feca93a2cd38ecb853353d36a40d",
            "output_size": 9620145,
            "source": [],
            "source_content": null,
            "source_content_filename": null,
            "source_dir": null,
            "source_file": "bootstrap",
            "type": "zip"
          },
          "sensitive_attributes": []
        }
      ]
    },
    {
      "mode": "managed",
      "type": "aws_cloudwatch_log_group",
      "name": "vault_lambda_log_group",
      "provider": "provider[\"registry.terraform.io/hashicorp/aws\"]",
      "instances": [
        {
          "schema_version": 0,
          "attributes": {
            "arn": "arn:aws:logs:us-east-1:000000000000:log-group:/aws/lambda/vault-token-example",
            "id": "/aws/lambda/vault-token-example",
            "kms_key_id": "",
            "log_group_class": "",
            "name": "/aws/lambda/vault-token-example",
            "name_prefix": "",
            "region": "us-east-1",
            "retention_in_days": 7,
            "skip_destroy": false,
            "tags": {},
            "tags_all": {}
          },
          "sensitive_attributes": [],
          "private": "bnVsbA=="
        }
      ]
    },
    {
      "mode": "managed",
      "type": "aws_iam_policy",
      "name": "vault_iam_auth_policy",
      "provider": "provider[\"registry.terraform.io/hashicorp/aws\"]",
      "instances": [
        {
          "schema_version": 0,
          "attributes": {
            "arn": "arn:aws:iam::000000000000:policy/VaultSecretsAccess",
            "attachment_count": 1,
            "description": "",
            "id": "arn:aws:iam::000000000000:policy/VaultSecretsAccess",
            "name": "VaultSecretsAccess",
            "name_prefix": "",
            "path": "/",
            "policy": "{\"Statement\":[{\"Action\":[\"sts:GetCallerIdentity\"],\"Effect\":\"Allow\",\"Resource\":\"*\"}],\"Version\":\"2012-10-17\"}",
            "policy_id": "A5201LFXUOJAYM4VDQDU7",
            "tags": {},
            "tags_all": {}
          },
          "sensitive_attributes": [],
          "private": "bnVsbA=="
        }
      ]
    },
    {
      "mode": "managed",
      "type": "aws_iam_role",
      "name": "lambda_role",
      "provider": "provider[\"registry.terraform.io/hashicorp/aws\"]",
      "instances": [
        {
          "schema_version": 0,
          "attributes": {
            "arn": "arn:aws:iam::000000000000:role/vaultLambdaRole",
            "assume_role_policy": "{\"Statement\":[{\"Action\":\"sts:AssumeRole\",\"Effect\":\"Allow\",\"Principal\":{\"Service\":\"lambda.amazonaws.com\"}}],\"Version\":\"2012-10-17\"}",
            "create_date": "2025-08-08T13:56:38Z",
            "description": "",
            "force_detach_policies": false,
            "id": "vaultLambdaRole",
            "inline_policy": [],
            "managed_policy_arns": [
              "arn:aws:iam::000000000000:policy/VaultSecretsAccess",
              "arn:aws:iam::aws:policy/service-role/AWSLambdaBasicExecutionRole"
            ],
            "max_session_duration": 3600,
            "name": "vaultLambdaRole",
            "name_prefix": "",
            "path": "/",
            "permissions_boundary": "",
            "tags": {},
            "tags_all": {},
            "unique_id": "AROAQAAAAAAAPMQCK4O7J"
          },
          "sensitive_attributes": [],
          "private": "bnVsbA=="
        }
      ]
    },
    {
      "mode": "managed",
      "type": "aws_iam_role_policy_attachment",
      "name": "attach_lambda_basic_execution",
      "provider": "provider[\"registry.terraform.io/hashicorp/aws\"]",
      "instances": [
        {
          "schema_version": 0,
          "attributes": {
            "id": "vaultLambdaRole/arn:aws:iam::aws:policy/service-role/AWSLambdaBasicExecutionRole",
            "policy_arn": "arn:aws:iam::aws:policy/service-role/AWSLambdaBasicExecutionRole",
            "role": "vaultLambdaRole"
          },
          "sensitive_attributes": [],
          "private": "bnVsbA==",
          "dependencies": [
            "aws_iam_role.lambda_role"
          ]
        }
      ]
    },
    {
      "mode": "managed",
      "type": "aws_iam_role_policy_attachment",
      "name": "attach_lambda_vault_auth_policy",
      "provider": "provider[\"registry.terraform.io/hashicorp/aws\"]",
      "instances": [
        {
          "schema_version": 0,
          "attributes": {
            "id": "vaultLambdaRole/arn:aws:iam::000000000000:policy/VaultSecretsAccess",
            "policy_arn": "arn:aws:iam::000000000000:policy/VaultSecretsAccess",
            "role": "vaultLambdaRole"
          },
          "sensitive_attributes": [],
          "private": "bnVsbA==",
          "dependencies": [
            "aws_iam_policy.vault_iam_auth_policy",
            "aws_iam_role.lambda_role"
          ]
        }
      ]
    },
    {
      "mode": "managed",
      "type": "aws_lambda_function",
      "name": "vault_lambda",
      "provider": "provider[\"registry.terraform.io/hashicorp/aws\"]",
      "instances": [
        {
          "schema_version": 0,
          "attributes": {
            "architectures": [
              "x86_64"
            ],
            "arn": "arn:aws:lambda:us-east-1:000000000000:function:vault-token-example",
            "code_sha256": "QK2NgxdBloeqAx64bjaY4BtiwmRLCtYUYFy18Ad9dhY=",
            "code_signing_config_arn": "",
            "dead_letter_config": [],
            "description": "",
            "environment": [
              {
                "variables": {
                  "VAULT_ADDR": "http://vault:8200"
                }
              }
            ],
            "ephemeral_storage": [
              {
                "size": 512
              }
            ],
            "file_system_config": [],
            "filename": "../lambda.zip",
            "function_name": "vault-token-example",
            "handler": "bootstrap",
            "id": "vault-token-example",
            "image_config": [],
            "image_uri": "",
            "invoke_arn": "arn:aws:apigateway:us-east-1:lambda:path/2015-03-31/functions/arn:aws:lambda:us-east-1:000000000000:function:vault-token-example/invocations",
            "kms_key_arn": "",
            "last_modified": "2025-08-08T15:07:54.803093+0000",
            "layers": [],
            "logging_config": [
              {
                "application_log_level": "",
                "log_format": "Text",
                "log_group": "/aws/lambda/vault-token-example",
                "system_log_level": ""
              }
            ],
            "memory_size": 128,
            "package_type": "Zip",
            "publish": false,
            "qualified_arn": "arn:aws:lambda:us-east-1:000000000000:function:vault-token-example:$LATEST",
            "qualified_invoke_arn": "arn:aws:apigateway:us-east-1:lambda:path/2015-03-31/functions/arn:aws:lambda:us-east-1:000000000000:function:vault-token-example:$LATEST/invocations",
            "region": "us-east-1",
            "replace_security_groups_on_destroy": null,
            "replacement_security_group_ids": null,
            "reserved_concurrent_executions": -1,
            "role": "arn:aws:iam::000000000000:role/vaultLambdaRole",
            "runtime": "provided.al2",
            "s3_bucket": null,
            "s3_key": null,
            "s3_object_version": null,
            "signing_job_arn": "",
            "signing_profile_version_arn": "",
            "skip_destroy": false,
            "snap_start": [],
            "source_code_hash": "QK2NgxdBloeqAx64bjaY4BtiwmRLCtYUYFy18Ad9dhY=",
            "source_code_size": 9620145,
            "tags": {},
            "tags_all": {},
            "timeout": 10,
            "timeouts": null,
            "tracing_config": [
              {
                "mode": "PassThrough"
              }
            ],
            "version": "$LATEST",
            "vpc_config": []
          },
          "sensitive_attributes": [],
          "private": "eyJlMmJmYjczMC1lY2FhLTExZTYtOGY4OC0zNDM2M2JjN2M0YzAiOnsiY3JlYXRlIjo2MDAwMDAwMDAwMDAsImRlbGV0ZSI6NjAwMDAwMDAwMDAwLCJ1cGRhdGUiOjYwMDAwMDAwMDAwMH19",
          "dependencies": [
            "aws_iam_role.lambda_role",
            "data.archive_file.lambda_zip"
          ]
        }
      ]
    },
    {
      "mode": "managed",
      "type": "vault_auth_backend",
      "name": "aws",
      "provider": "provider[\"registry.terraform.io/hashicorp/vault\"]",
      "instances": [
        {
          "schema_version": 1,
          "attributes": {
            "accessor": "auth_aws_c12f5d1f",
            "description": "",
            "disable_remount": false,
            "id": "aws",
            "identity_token_key": null,
            "local": false,
            "namespace": null,
            "path": "aws",
            "tune": [],
            "type": "aws"
          },
          "sensitive_attributes": [],
          "private": "eyJzY2hlbWFfdmVyc2lvbiI6IjEifQ=="
        }
      ]
    },
    {
      "mode": "managed",
      "type": "vault_auth_backend",
      "name": "userpass",
      "provider": "provider[\"registry.terraform.io/hashicorp/vault\"]",
      "instances": [
        {
          "schema_version": 1,
          "attributes": {
            "accessor": "auth_userpass_903fc7b5",
            "description": "",
            "disable_remount": false,
            "id": "userpass",
            "identity_token_key": null,
            "local": false,
            "namespace": null,
            "path": "userpass",
            "tune": [],
            "type": "userpass"
          },
          "sensitive_attributes": [],
          "private": "eyJzY2hlbWFfdmVyc2lvbiI6IjEifQ=="
        }
      ]
    },
    {
      "mode": "managed",
      "type": "vault_aws_auth_backend_client",
      "name": "example",
      "provider": "provider[\"registry.terraform.io/hashicorp/vault\"]",
      "instances": [
        {
          "schema_version": 0,
          "attributes": {
            "access_key": "test",
            "backend": "aws",
            "disable_automated_rotation": null,
            "ec2_endpoint": "",
            "iam_endpoint": "",
            "iam_server_id_header_value": "vault.example.com",
            "id": "auth/aws/config/client",
            "identity_token_audience": null,
            "identity_token_ttl": null,
            "max_retries": -1,
            "namespace": null,
            "role_arn": null,
            "rotation_period": null,
            "rotation_schedule": null,
            "rotation_window": null,
            "secret_key": "test",
            "sts_endpoint": "http://localstack:4566",
            "sts_region": "us-east-1",
            "use_sts_region_from_client": false
          },
          "sensitive_attributes": [],
          "private": "bnVsbA==",
          "dependencies": [
            "vault_auth_backend.aws"
          ]
        }
      ]
    },
    {
      "mode": "managed",
      "type": "vault_aws_auth_backend_role",
      "name": "lambda_role",
      "provider": "provider[\"registry.terraform.io/hashicorp/vault\"]",
      "instances": [
        {
          "schema_version": 0,
          "attributes": {
            "allow_instance_migration": false,
            "auth_type": "iam",
            "backend": "aws",
            "bound_account_ids": [],
            "bound_ami_ids": [],
            "bound_ec2_instance_ids": [],
            "bound_iam_instance_profile_arns": [],
            "bound_iam_principal_arns": [
              "arn:aws:iam::000000000000:role/vaultLambdaRole"
            ],
            "bound_iam_role_arns": [],
            "bound_regions": [],
            "bound_subnet_ids": [],
            "bound_vpc_ids": [],
            "disallow_reauthentication": false,
            "id": "auth/aws/role/vaultLambdaRole",
            "inferred_aws_region": "",
            "inferred_entity_type": "",
            "namespace": null,
            "resolve_aws_unique_ids": false,
            "role": "vaultLambdaRole",
            "role_id": "e81c5456-07ea-b8a4-667e-304e12f93503",
            "role_tag": "",
            "token_bound_cidrs": [],
            "token_explicit_max_ttl": 0,
            "token_max_ttl": 0,
            "token_no_default_policy": false,
            "token_num_uses": 0,
            "token_period": 0,
            "token_policies": [
              "default",
              "myapp-read"
            ],
            "token_ttl": 0,
            "token_type": "default"
          },
          "sensitive_attributes": [],
          "private": "bnVsbA==",
          "dependencies": [
            "aws_iam_role.lambda_role",
            "vault_auth_backend.aws",
            "vault_policy.myapp_read_policy"
          ]
        }
      ]
    },
    {
      "mode": "managed",
      "type": "vault_generic_endpoint",
      "name": "myapp_user",
      "provider": "provider[\"registry.terraform.io/hashicorp/vault\"]",
      "instances": [
        {
          "schema_version": 1,
          "attributes": {
            "data_json": "{\"policies\":[\"admin\"],\"token_bound_cidrs\":[],\"token_explicit_max_ttl\":0,\"token_max_ttl\":0,\"token_no_default_policy\":false,\"token_num_uses\":0,\"token_period\":0,\"token_policies\":[\"admin\"],\"token_ttl\":0,\"token_type\":\"default\"}",
            "disable_delete": false,
            "disable_read": false,
            "id": "auth/userpass/users/john",
            "ignore_absent_fields": false,
            "namespace": null,
            "path": "auth/userpass/users/john",
            "write_data": {},
            "write_data_json": "null",
            "write_fields": null
          },
          "sensitive_attributes": [],
          "private": "eyJzY2hlbWFfdmVyc2lvbiI6IjEifQ==",
          "dependencies": [
            "vault_auth_backend.userpass",
            "vault_policy.secrets_admin_policy"
          ]
        }
      ]
    },
    {
      "mode": "managed",
      "type": "vault_kv_secret_v2",
      "name": "myapp_db_creds",
      "provider": "provider[\"registry.terraform.io/hashicorp/vault\"]",
      "instances": [
        {
          "schema_version": 0,
          "attributes": {
            "cas": null,
            "custom_metadata": [
              {
                "cas_required": false,
                "data": {},
                "delete_version_after": 0,
                "max_versions": 0
              }
            ],
            "data": {},
            "data_json": "{\"dbpass\":\"dbpassword\",\"dbuser\":\"dbusername\"}",
            "data_json_wo": null,
            "data_json_wo_version": null,
            "delete_all_versions": false,
            "disable_read": false,
            "id": "secret/data/someorg/someapp/db-creds",
            "metadata": {
              "created_time": "2025-08-08T14:00:33.238758715Z",
              "custom_metadata": "null",
              "deletion_time": "",
              "destroyed": "false",
              "version": "1"
            },
            "mount": "secret",
            "name": "someorg/someapp/db-creds",
            "namespace": null,
            "options": null,
            "path": "secret/data/someorg/someapp/db-creds"
          },
          "sensitive_attributes": [],
          "private": "bnVsbA=="
        }
      ]
    },
    {
      "mode": "managed",
      "type": "vault_policy",
      "name": "myapp_read_policy",
      "provider": "provider[\"registry.terraform.io/hashicorp/vault\"]",
      "instances": [
        {
          "schema_version": 0,
          "attributes": {
            "id": "myapp-read",
            "name": "myapp-read",
            "namespace": null,
            "policy": "path \"secret/data/someorg/someapp/*\" {\n  capabilities = [\"read\"]\n}\n\npath \"secret/metadata/someorg/someapp/*\" {\n  capabilities = [\"list\"]\n}\n"
          },
          "sensitive_attributes": [],
          "private": "bnVsbA=="
        }
      ]
    },
    {
      "mode": "managed",
      "type": "vault_policy",
      "name": "secrets_admin_policy",
      "provider": "provider[\"registry.terraform.io/hashicorp/vault\"]",
      "instances": [
        {
          "schema_version": 0,
          "attributes": {
            "id": "admin",
            "name": "admin",
            "namespace": null,
            "policy": "path \"*\" {\n  capabilities = [\"create\", \"read\", \"update\", \"delete\", \"list\", \"sudo\"]\n}\n"
          },
          "sensitive_attributes": [],
          "private": "bnVsbA=="
        }
      ]
    }
  ],
  "check_results": null
}
